
Microsoft Visual Studio Solution File, Format Version 12.00
# Visual Studio Version 17
VisualStudioVersion = 17.3.32929.385
MinimumVisualStudioVersion = 10.0.40219.1
Project("{FAE04EC0-301F-11D3-BF4B-00C04F79EFBC}") = "Advent2022", "Advent2022.csproj", "{CC18E030-F6FA-4628-BAE5-53360DC80704}"
EndProject
Global
	GlobalSection(SolutionConfigurationPlatforms) = preSolution
		Debug|Any CPU = Debug|Any CPU
		Release|Any CPU = Release|Any CPU
	EndGlobalSection
	GlobalSection(ProjectConfigurationPlatforms) = postSolution
		{CC18E030-F6FA-4628-BAE5-53360DC80704}.Debug|Any CPU.ActiveCfg = Debug|Any CPU
		{CC18E030-F6FA-4628-BAE5-53360DC80704}.Debug|Any CPU.Build.0 = Debug|Any CPU
		{CC18E030-F6FA-4628-BAE5-53360DC80704}.Release|Any CPU.ActiveCfg = Release|Any CPU
		{CC18E030-F6FA-4628-BAE5-53360DC80704}.Release|Any CPU.Build.0 = Release|Any CPU
	EndGlobalSection
	GlobalSection(SolutionProperties) = preSolution
		HideSolutionNode = FALSE
	EndGlobalSection
	GlobalSection(ExtensibilityGlobals) = postSolution
		SolutionGuid = {7059CF70-E49E-4A61-AC8A-E89157692EFE}
	EndGlobalSection
EndGlobal
